{
  "version": 4,
  "terraform_version": "1.14.4",
  "serial": 1,
  "lineage": "b763f39e-2af2-796f-4a16-46f5ed75d5fe",
  "outputs": {
    "fichier_cree": {
      "value": "/home/jory/tp_devops/tp-terraform-local/mon_dossier/message.txt",
      "type": "string"
    }
  },
  "resources": [
    {
      "mode": "managed",
      "type": "local_file",
      "name": "demo_file",
      "provider": "provider[\"registry.terraform.io/hashicorp/local\"]",
      "instances": [
        {
          "schema_version": 0,
          "attributes": {
            "content": "Bonjour ! Ceci est un fichier cree avec Terraform.",
            "content_base64": null,
            "content_base64sha256": "W56BYJzTcdQz4qsBBenThaHzWIBQKFfSWTu86mvTYEs=",
            "content_base64sha512": "JflDXWZwex6fXx/W+GpY4/UV/u/89F8pWAT8yMUh2+FAFjG64OQDu/ZMASe+6+27ommSxk8QX7XdRtXWxF9Cog==",
            "content_md5": "44127e03220ee8b170882b22883ccc40",
            "content_sha1": "8bca7988097d4b86df1d4181a6427239c79ea31c",
            "content_sha256": "5b9e81609cd371d433e2ab0105e9d385a1f35880502857d2593bbcea6bd3604b",
            "content_sha512": "25f9435d66707b1e9f5f1fd6f86a58e3f515feeffcf45f295804fcc8c521dbe1401631bae0e403bbf64c0127beebedbba26992c64f105fb5dd46d5d6c45f42a2",
            "directory_permission": "0777",
            "file_permission": "0777",
            "filename": "/home/jory/tp_devops/tp-terraform-local/mon_dossier/message.txt",
            "id": "8bca7988097d4b86df1d4181a6427239c79ea31c",
            "sensitive_content": null,
            "source": null
          },
          "sensitive_attributes": [
            [
              {
                "type": "get_attr",
                "value": "sensitive_content"
              }
            ]
          ],
          "identity_schema_version": 0
        }
      ]
    }
  ],
  "check_results": null
}
